
Microsoft Visual Studio Solution File, Format Version 12.00
# Visual Studio Version 16
VisualStudioVersion = 16.0.31129.286
MinimumVisualStudioVersion = 10.0.40219.1
Project("{9A19103F-16F7-4668-BE54-9A1E7A4F7556}") = "WinFormsApp", "WinFormsApp\WinFormsApp.csproj", "{D3C36006-5870-449D-B7E4-61AE1AAB105B}"
EndProject
Project("{FAE04EC0-301F-11D3-BF4B-00C04F79EFBC}") = "WebApp", "WebApp\WebApp.csproj", "{F550DBCE-5D10-4E60-8336-FAA93815B78C}"
EndProject
Global
	GlobalSection(SolutionConfigurationPlatforms) = preSolution
		Debug|Any CPU = Debug|Any CPU
		Release|Any CPU = Release|Any CPU
	EndGlobalSection
	GlobalSection(ProjectConfigurationPlatforms) = postSolution
		{D3C36006-5870-449D-B7E4-61AE1AAB105B}.Debug|Any CPU.ActiveCfg = Debug|Any CPU
		{D3C36006-5870-449D-B7E4-61AE1AAB105B}.Debug|Any CPU.Build.0 = Debug|Any CPU
		{D3C36006-5870-449D-B7E4-61AE1AAB105B}.Release|Any CPU.ActiveCfg = Release|Any CPU
		{D3C36006-5870-449D-B7E4-61AE1AAB105B}.Release|Any CPU.Build.0 = Release|Any CPU
		{F550DBCE-5D10-4E60-8336-FAA93815B78C}.Debug|Any CPU.ActiveCfg = Debug|Any CPU
		{F550DBCE-5D10-4E60-8336-FAA93815B78C}.Debug|Any CPU.Build.0 = Debug|Any CPU
		{F550DBCE-5D10-4E60-8336-FAA93815B78C}.Release|Any CPU.ActiveCfg = Release|Any CPU
		{F550DBCE-5D10-4E60-8336-FAA93815B78C}.Release|Any CPU.Build.0 = Release|Any CPU
	EndGlobalSection
	GlobalSection(SolutionProperties) = preSolution
		HideSolutionNode = FALSE
	EndGlobalSection
	GlobalSection(ExtensibilityGlobals) = postSolution
		SolutionGuid = {A993573A-75B3-4F26-B5A1-FDD9AEA331E4}
	EndGlobalSection
EndGlobal
